
Microsoft Visual Studio Solution File, Format Version 12.00
# Visual Studio Version 16
VisualStudioVersion = 16.0.31105.61
MinimumVisualStudioVersion = 10.0.40219.1
Project("{FAE04EC0-301F-11D3-BF4B-00C04F79EFBC}") = "Wba.Querystrings.Web", "Wba.Querystrings.Web\Wba.Querystrings.Web.csproj", "{8073C667-C16E-4AC1-8FAF-A5E7A2AEDC44}"
EndProject
Global
	GlobalSection(SolutionConfigurationPlatforms) = preSolution
		Debug|Any CPU = Debug|Any CPU
		Release|Any CPU = Release|Any CPU
	EndGlobalSection
	GlobalSection(ProjectConfigurationPlatforms) = postSolution
		{8073C667-C16E-4AC1-8FAF-A5E7A2AEDC44}.Debug|Any CPU.ActiveCfg = Debug|Any CPU
		{8073C667-C16E-4AC1-8FAF-A5E7A2AEDC44}.Debug|Any CPU.Build.0 = Debug|Any CPU
		{8073C667-C16E-4AC1-8FAF-A5E7A2AEDC44}.Release|Any CPU.ActiveCfg = Release|Any CPU
		{8073C667-C16E-4AC1-8FAF-A5E7A2AEDC44}.Release|Any CPU.Build.0 = Release|Any CPU
	EndGlobalSection
	GlobalSection(SolutionProperties) = preSolution
		HideSolutionNode = FALSE
	EndGlobalSection
	GlobalSection(ExtensibilityGlobals) = postSolution
		SolutionGuid = {A284A9F0-2F47-409E-AB96-6EF6064250CD}
	EndGlobalSection
EndGlobal
